{
  "name": "drata-cli",
  "version": "0.2.0",
  "lockfileVersion": 3,
  "requires": true,
  "packages": {
    "": {
      "name": "drata-cli",
      "version": "0.2.0",
      "license": "MIT",
      "bin": {
        "drata": "src/cli.mjs"
      },
      "engines": {
        "node": ">=20"
      }
    }
  }
}
